
Microsoft Visual Studio Solution File, Format Version 12.00
# Visual Studio Version 17
VisualStudioVersion = 17.8.34330.188
MinimumVisualStudioVersion = 10.0.40219.1
Project("{2150E333-8FDC-42A3-9474-1A3956D46DE8}") = "0. Object Relationships", "0. Object Relationships", "{D9383882-AC5A-493A-BC0E-370EC5790A92}"
EndProject
Project("{9A19103F-16F7-4668-BE54-9A1E7A4F7556}") = "DesignPatterns.ObjectRelationships", "src\DesignPatterns.ObjectRelationships\DesignPatterns.ObjectRelationships.csproj", "{0B8F2964-42E1-4C83-86A5-4C76D87A4C61}"
EndProject
Project("{2150E333-8FDC-42A3-9474-1A3956D46DE8}") = "2. Design Patterns", "2. Design Patterns", "{A390D27E-388C-4D08-B4D0-B2EFDDF12D45}"
EndProject
Project("{2150E333-8FDC-42A3-9474-1A3956D46DE8}") = "1. Covariance and Contravariance", "1. Covariance and Contravariance", "{C5210CEC-5A1E-4C48-8522-9D4AF6BE5FA1}"
EndProject
Project("{9A19103F-16F7-4668-BE54-9A1E7A4F7556}") = "DesignPatterns.ConvarianceContravariance", "src\DesignPatterns.ConvarianceContravariance\DesignPatterns.ConvarianceContravariance.csproj", "{524B1EF1-0CE7-4BCA-BAF9-837E0E33D224}"
EndProject
Project("{2150E333-8FDC-42A3-9474-1A3956D46DE8}") = "1. Creational", "1. Creational", "{06070514-B480-4354-93D5-B92E184A904B}"
EndProject
Project("{2150E333-8FDC-42A3-9474-1A3956D46DE8}") = "2. Structural", "2. Structural", "{6F480FD9-8E90-4865-821A-84128C23EBC9}"
EndProject
Project("{2150E333-8FDC-42A3-9474-1A3956D46DE8}") = "3. Behavioral", "3. Behavioral", "{228FBB6D-7812-4502-8B3F-8866EEFB4B78}"
EndProject
Project("{9A19103F-16F7-4668-BE54-9A1E7A4F7556}") = "DesignPatterns.DesignPatterns.Creational.Singleton", "src\DesignPatterns.DesignPatterns.Creational.Singleton\DesignPatterns.DesignPatterns.Creational.Singleton.csproj", "{B0093F92-37F8-4811-9B18-C446BFBA466E}"
EndProject
Project("{9A19103F-16F7-4668-BE54-9A1E7A4F7556}") = "DesignPatterns.DesignPatterns.Creational.Prototype", "src\DesignPatterns.DesignPatterns.Creational.Prototype\DesignPatterns.DesignPatterns.Creational.Prototype.csproj", "{6F989509-6985-44F3-ADBD-E34C90D7B79E}"
EndProject
Project("{FAE04EC0-301F-11D3-BF4B-00C04F79EFBC}") = "DesignPatterns.DesignPatterns.Creational.FactoryMethod", "src\DesignPatterns.DesignPatterns.Creational.FactoryMethod\DesignPatterns.DesignPatterns.Creational.FactoryMethod.csproj", "{2417962E-0D57-44C3-BA6B-FBE439F68B4E}"
EndProject
Project("{2150E333-8FDC-42A3-9474-1A3956D46DE8}") = "3.Utils", "3.Utils", "{BBB5E835-9BED-44DE-A9B6-721D02C6F0C1}"
EndProject
Project("{FAE04EC0-301F-11D3-BF4B-00C04F79EFBC}") = "DesignPatterns.Utils", "src\DesignPatterns.Utils\DesignPatterns.Utils.csproj", "{5E9DD238-968C-46B9-BFF2-A4131A104051}"
EndProject
Global
	GlobalSection(SolutionConfigurationPlatforms) = preSolution
		Debug|Any CPU = Debug|Any CPU
		Release|Any CPU = Release|Any CPU
	EndGlobalSection
	GlobalSection(ProjectConfigurationPlatforms) = postSolution
		{0B8F2964-42E1-4C83-86A5-4C76D87A4C61}.Debug|Any CPU.ActiveCfg = Debug|Any CPU
		{0B8F2964-42E1-4C83-86A5-4C76D87A4C61}.Debug|Any CPU.Build.0 = Debug|Any CPU
		{0B8F2964-42E1-4C83-86A5-4C76D87A4C61}.Release|Any CPU.ActiveCfg = Release|Any CPU
		{0B8F2964-42E1-4C83-86A5-4C76D87A4C61}.Release|Any CPU.Build.0 = Release|Any CPU
		{524B1EF1-0CE7-4BCA-BAF9-837E0E33D224}.Debug|Any CPU.ActiveCfg = Debug|Any CPU
		{524B1EF1-0CE7-4BCA-BAF9-837E0E33D224}.Debug|Any CPU.Build.0 = Debug|Any CPU
		{524B1EF1-0CE7-4BCA-BAF9-837E0E33D224}.Release|Any CPU.ActiveCfg = Release|Any CPU
		{524B1EF1-0CE7-4BCA-BAF9-837E0E33D224}.Release|Any CPU.Build.0 = Release|Any CPU
		{B0093F92-37F8-4811-9B18-C446BFBA466E}.Debug|Any CPU.ActiveCfg = Debug|Any CPU
		{B0093F92-37F8-4811-9B18-C446BFBA466E}.Debug|Any CPU.Build.0 = Debug|Any CPU
		{B0093F92-37F8-4811-9B18-C446BFBA466E}.Release|Any CPU.ActiveCfg = Release|Any CPU
		{B0093F92-37F8-4811-9B18-C446BFBA466E}.Release|Any CPU.Build.0 = Release|Any CPU
		{6F989509-6985-44F3-ADBD-E34C90D7B79E}.Debug|Any CPU.ActiveCfg = Debug|Any CPU
		{6F989509-6985-44F3-ADBD-E34C90D7B79E}.Debug|Any CPU.Build.0 = Debug|Any CPU
		{6F989509-6985-44F3-ADBD-E34C90D7B79E}.Release|Any CPU.ActiveCfg = Release|Any CPU
		{6F989509-6985-44F3-ADBD-E34C90D7B79E}.Release|Any CPU.Build.0 = Release|Any CPU
		{2417962E-0D57-44C3-BA6B-FBE439F68B4E}.Debug|Any CPU.ActiveCfg = Debug|Any CPU
		{2417962E-0D57-44C3-BA6B-FBE439F68B4E}.Debug|Any CPU.Build.0 = Debug|Any CPU
		{2417962E-0D57-44C3-BA6B-FBE439F68B4E}.Release|Any CPU.ActiveCfg = Release|Any CPU
		{2417962E-0D57-44C3-BA6B-FBE439F68B4E}.Release|Any CPU.Build.0 = Release|Any CPU
		{5E9DD238-968C-46B9-BFF2-A4131A104051}.Debug|Any CPU.ActiveCfg = Debug|Any CPU
		{5E9DD238-968C-46B9-BFF2-A4131A104051}.Debug|Any CPU.Build.0 = Debug|Any CPU
		{5E9DD238-968C-46B9-BFF2-A4131A104051}.Release|Any CPU.ActiveCfg = Release|Any CPU
		{5E9DD238-968C-46B9-BFF2-A4131A104051}.Release|Any CPU.Build.0 = Release|Any CPU
	EndGlobalSection
	GlobalSection(SolutionProperties) = preSolution
		HideSolutionNode = FALSE
	EndGlobalSection
	GlobalSection(NestedProjects) = preSolution
		{0B8F2964-42E1-4C83-86A5-4C76D87A4C61} = {D9383882-AC5A-493A-BC0E-370EC5790A92}
		{524B1EF1-0CE7-4BCA-BAF9-837E0E33D224} = {C5210CEC-5A1E-4C48-8522-9D4AF6BE5FA1}
		{06070514-B480-4354-93D5-B92E184A904B} = {A390D27E-388C-4D08-B4D0-B2EFDDF12D45}
		{6F480FD9-8E90-4865-821A-84128C23EBC9} = {A390D27E-388C-4D08-B4D0-B2EFDDF12D45}
		{228FBB6D-7812-4502-8B3F-8866EEFB4B78} = {A390D27E-388C-4D08-B4D0-B2EFDDF12D45}
		{B0093F92-37F8-4811-9B18-C446BFBA466E} = {06070514-B480-4354-93D5-B92E184A904B}
		{6F989509-6985-44F3-ADBD-E34C90D7B79E} = {06070514-B480-4354-93D5-B92E184A904B}
		{2417962E-0D57-44C3-BA6B-FBE439F68B4E} = {06070514-B480-4354-93D5-B92E184A904B}
		{5E9DD238-968C-46B9-BFF2-A4131A104051} = {BBB5E835-9BED-44DE-A9B6-721D02C6F0C1}
	EndGlobalSection
	GlobalSection(ExtensibilityGlobals) = postSolution
		SolutionGuid = {A6C9CD54-12DF-4685-90E3-FC46506C5C9E}
	EndGlobalSection
EndGlobal
